
Microsoft Visual Studio Solution File, Format Version 12.00
# Visual Studio Version 16
VisualStudioVersion = 16.0.32106.194
MinimumVisualStudioVersion = 10.0.40219.1
Project("{9A19103F-16F7-4668-BE54-9A1E7A4F7556}") = "PersonalityTest", "PersonalityTest\PersonalityTest.csproj", "{0BA81721-2EDB-4DB0-AC4D-06161D2671EF}"
EndProject
Project("{9A19103F-16F7-4668-BE54-9A1E7A4F7556}") = "PersonalityTestSwitch", "PersonalityTestSwitch\PersonalityTestSwitch.csproj", "{2319A991-9E76-4798-8F6B-E7E4792C83F4}"
EndProject
Project("{9A19103F-16F7-4668-BE54-9A1E7A4F7556}") = "GradingIF", "GradingIF\GradingIF.csproj", "{4D4FDE10-F2B7-4905-9108-1B299A41B784}"
EndProject
Project("{9A19103F-16F7-4668-BE54-9A1E7A4F7556}") = "GradingSwitch", "GradingSwitch\GradingSwitch.csproj", "{4B5BC149-EE88-4B7C-897B-E787899BDFDD}"
EndProject
Project("{FAE04EC0-301F-11D3-BF4B-00C04F79EFBC}") = "CatsAndDogs", "CatsAndDogs\CatsAndDogs.csproj", "{447A5AD7-C06B-4D61-A93F-A5456E2D6CB6}"
EndProject
Global
	GlobalSection(SolutionConfigurationPlatforms) = preSolution
		Debug|Any CPU = Debug|Any CPU
		Release|Any CPU = Release|Any CPU
	EndGlobalSection
	GlobalSection(ProjectConfigurationPlatforms) = postSolution
		{0BA81721-2EDB-4DB0-AC4D-06161D2671EF}.Debug|Any CPU.ActiveCfg = Debug|Any CPU
		{0BA81721-2EDB-4DB0-AC4D-06161D2671EF}.Debug|Any CPU.Build.0 = Debug|Any CPU
		{0BA81721-2EDB-4DB0-AC4D-06161D2671EF}.Release|Any CPU.ActiveCfg = Release|Any CPU
		{0BA81721-2EDB-4DB0-AC4D-06161D2671EF}.Release|Any CPU.Build.0 = Release|Any CPU
		{2319A991-9E76-4798-8F6B-E7E4792C83F4}.Debug|Any CPU.ActiveCfg = Debug|Any CPU
		{2319A991-9E76-4798-8F6B-E7E4792C83F4}.Debug|Any CPU.Build.0 = Debug|Any CPU
		{2319A991-9E76-4798-8F6B-E7E4792C83F4}.Release|Any CPU.ActiveCfg = Release|Any CPU
		{2319A991-9E76-4798-8F6B-E7E4792C83F4}.Release|Any CPU.Build.0 = Release|Any CPU
		{4D4FDE10-F2B7-4905-9108-1B299A41B784}.Debug|Any CPU.ActiveCfg = Debug|Any CPU
		{4D4FDE10-F2B7-4905-9108-1B299A41B784}.Debug|Any CPU.Build.0 = Debug|Any CPU
		{4D4FDE10-F2B7-4905-9108-1B299A41B784}.Release|Any CPU.ActiveCfg = Release|Any CPU
		{4D4FDE10-F2B7-4905-9108-1B299A41B784}.Release|Any CPU.Build.0 = Release|Any CPU
		{4B5BC149-EE88-4B7C-897B-E787899BDFDD}.Debug|Any CPU.ActiveCfg = Debug|Any CPU
		{4B5BC149-EE88-4B7C-897B-E787899BDFDD}.Debug|Any CPU.Build.0 = Debug|Any CPU
		{4B5BC149-EE88-4B7C-897B-E787899BDFDD}.Release|Any CPU.ActiveCfg = Release|Any CPU
		{4B5BC149-EE88-4B7C-897B-E787899BDFDD}.Release|Any CPU.Build.0 = Release|Any CPU
		{447A5AD7-C06B-4D61-A93F-A5456E2D6CB6}.Debug|Any CPU.ActiveCfg = Debug|Any CPU
		{447A5AD7-C06B-4D61-A93F-A5456E2D6CB6}.Debug|Any CPU.Build.0 = Debug|Any CPU
		{447A5AD7-C06B-4D61-A93F-A5456E2D6CB6}.Release|Any CPU.ActiveCfg = Release|Any CPU
		{447A5AD7-C06B-4D61-A93F-A5456E2D6CB6}.Release|Any CPU.Build.0 = Release|Any CPU
	EndGlobalSection
	GlobalSection(SolutionProperties) = preSolution
		HideSolutionNode = FALSE
	EndGlobalSection
	GlobalSection(ExtensibilityGlobals) = postSolution
		SolutionGuid = {42D770F7-7803-4EC7-9D51-33ACC5D13E20}
	EndGlobalSection
EndGlobal
